// !$*UTF8*$!
{
	archiveVersion = 1;
	classes = {
	};
	objectVersion = 46;
	objects = {

/* Begin PBXBuildFile section */
		2D07888414C76F8700AC07D4 /* UBUnpablishedQuotesDataSource.m in Sources */ = {isa = PBXBuildFile; fileRef = 2D07888314C76F8700AC07D4 /* UBUnpablishedQuotesDataSource.m */; };
		2D12630214F6E6DA001C9DA0 /* DownloadOperations.m in Sources */ = {isa = PBXBuildFile; fileRef = 2D1262FE14F6E6DA001C9DA0 /* DownloadOperations.m */; };
		2D12630314F6E6DA001C9DA0 /* MediaCenter.m in Sources */ = {isa = PBXBuildFile; fileRef = 2D12630114F6E6DA001C9DA0 /* MediaCenter.m */; };
		2D12630614F6E78A001C9DA0 /* UIKitExtentions.m in Sources */ = {isa = PBXBuildFile; fileRef = 2D12630514F6E789001C9DA0 /* UIKitExtentions.m */; };
		2D144DDA1419073B009E1DBA /* UBRequest.m in Sources */ = {isa = PBXBuildFile; fileRef = 2D144DD91419073B009E1DBA /* UBRequest.m */; };
		2D337F4E14D1AADB00DF225F /* UBPicture.m in Sources */ = {isa = PBXBuildFile; fileRef = 2D337F4D14D1AADB00DF225F /* UBPicture.m */; };
		2D337F5114D1B2F600DF225F /* UBPublishedPicturesDataSource.m in Sources */ = {isa = PBXBuildFile; fileRef = 2D337F5014D1B2F600DF225F /* UBPublishedPicturesDataSource.m */; };
		2D48CDF214C8DF2500C5696B /* UBImagesRequest.m in Sources */ = {isa = PBXBuildFile; fileRef = 2D48CDF114C8DF2500C5696B /* UBImagesRequest.m */; };
		2D52D6C614DCADFC00E6A744 /* UBUnpablishedPicturesDataSource.m in Sources */ = {isa = PBXBuildFile; fileRef = 2D52D6C514DCADFC00E6A744 /* UBUnpablishedPicturesDataSource.m */; };
		2D52D6C914DCAE1B00E6A744 /* UBBestPicturesDataSource.m in Sources */ = {isa = PBXBuildFile; fileRef = 2D52D6C814DCAE1A00E6A744 /* UBBestPicturesDataSource.m */; };
		2D52D6CC14DCAE2A00E6A744 /* UBRandomPicturesDataSource.m in Sources */ = {isa = PBXBuildFile; fileRef = 2D52D6CB14DCAE2A00E6A744 /* UBRandomPicturesDataSource.m */; };
		2D57274C1455F5EE00A6DAE4 /* Model.m in Sources */ = {isa = PBXBuildFile; fileRef = 2D57274B1455F5EE00A6DAE4 /* Model.m */; };
		2D57274F1456017900A6DAE4 /* UBQuotesRequest.m in Sources */ = {isa = PBXBuildFile; fileRef = 2D57274E1456017900A6DAE4 /* UBQuotesRequest.m */; };
		2D9F6E0E14A158C40012D690 /* UBQuotesContainerController.m in Sources */ = {isa = PBXBuildFile; fileRef = 2D9F6E0D14A158C40012D690 /* UBQuotesContainerController.m */; };
		2DADD34714A3FA4A00808AA6 /* UBQuoteCell.m in Sources */ = {isa = PBXBuildFile; fileRef = 2DADD34614A3FA4A00808AA6 /* UBQuoteCell.m */; };
		2DB0FAB21416C8CF00EFD6BC /* UIKit.framework in Frameworks */ = {isa = PBXBuildFile; fileRef = 2DB0FAB11416C8CF00EFD6BC /* UIKit.framework */; };
		2DB0FAB41416C8CF00EFD6BC /* Foundation.framework in Frameworks */ = {isa = PBXBuildFile; fileRef = 2DB0FAB31416C8CF00EFD6BC /* Foundation.framework */; };
		2DB0FAB61416C8CF00EFD6BC /* CoreGraphics.framework in Frameworks */ = {isa = PBXBuildFile; fileRef = 2DB0FAB51416C8CF00EFD6BC /* CoreGraphics.framework */; };
		2DB0FAB81416C8CF00EFD6BC /* CoreData.framework in Frameworks */ = {isa = PBXBuildFile; fileRef = 2DB0FAB71416C8CF00EFD6BC /* CoreData.framework */; };
		2DB0FABE1416C8CF00EFD6BC /* InfoPlist.strings in Resources */ = {isa = PBXBuildFile; fileRef = 2DB0FABC1416C8CF00EFD6BC /* InfoPlist.strings */; };
		2DB0FAC11416C8CF00EFD6BC /* main.m in Sources */ = {isa = PBXBuildFile; fileRef = 2DB0FAC01416C8CF00EFD6BC /* main.m */; };
		2DB0FAC41416C8CF00EFD6BC /* UkrBashAppDelegate.m in Sources */ = {isa = PBXBuildFile; fileRef = 2DB0FAC31416C8CF00EFD6BC /* UkrBashAppDelegate.m */; };
		2DB0FAC71416C8CF00EFD6BC /* MainWindow.xib in Resources */ = {isa = PBXBuildFile; fileRef = 2DB0FAC51416C8CF00EFD6BC /* MainWindow.xib */; };
		2DB0FACA1416C8CF00EFD6BC /* UkrBash.xcdatamodeld in Sources */ = {isa = PBXBuildFile; fileRef = 2DB0FAC81416C8CF00EFD6BC /* UkrBash.xcdatamodeld */; };
		2DB323DD1417A1FA001440B7 /* GDataXMLNode.m in Sources */ = {isa = PBXBuildFile; fileRef = 2DB323DC1417A1FA001440B7 /* GDataXMLNode.m */; };
		2DB323E11417BA02001440B7 /* UBParser.m in Sources */ = {isa = PBXBuildFile; fileRef = 2DB323E01417BA02001440B7 /* UBParser.m */; };
		2DB323E41417BBAD001440B7 /* UBQuotesParser.m in Sources */ = {isa = PBXBuildFile; fileRef = 2DB323E31417BBAD001440B7 /* UBQuotesParser.m */; };
		2DB323E71417BBEC001440B7 /* UBPicturesParser.m in Sources */ = {isa = PBXBuildFile; fileRef = 2DB323E61417BBEC001440B7 /* UBPicturesParser.m */; };
		2DB323EA1417BC1E001440B7 /* UBSiteGetInfoParser.m in Sources */ = {isa = PBXBuildFile; fileRef = 2DB323E91417BC1E001440B7 /* UBSiteGetInfoParser.m */; };
		2DB323ED1417BC4E001440B7 /* UBSiteGetTagsParser.m in Sources */ = {isa = PBXBuildFile; fileRef = 2DB323EC1417BC4E001440B7 /* UBSiteGetTagsParser.m */; };
		2DB323F01417BC71001440B7 /* UBErrorsParser.m in Sources */ = {isa = PBXBuildFile; fileRef = 2DB323EF1417BC70001440B7 /* UBErrorsParser.m */; };
		2DBF0A0114B66A1200A8949B /* app-icon.png in Resources */ = {isa = PBXBuildFile; fileRef = 2DBF09FF14B66A1200A8949B /* app-icon.png */; };
		2DBF0A0214B66A1200A8949B /* app-icon@2x.png in Resources */ = {isa = PBXBuildFile; fileRef = 2DBF0A0014B66A1200A8949B /* app-icon@2x.png */; };
		2DDED39A14A3649D003B315D /* UBQuote.m in Sources */ = {isa = PBXBuildFile; fileRef = 2DDED39914A3649D003B315D /* UBQuote.m */; };
		2DE54AFF14C83FF800CB04CB /* UBPublishedQuotesDataSource.m in Sources */ = {isa = PBXBuildFile; fileRef = 2DE54AFE14C83FF800CB04CB /* UBPublishedQuotesDataSource.m */; };
		2DE54B0214C8438D00CB04CB /* UBBestQuotesDataSource.m in Sources */ = {isa = PBXBuildFile; fileRef = 2DE54B0114C8438D00CB04CB /* UBBestQuotesDataSource.m */; };
		2DE54B0514C847FD00CB04CB /* UBRandomQuotesDataSource.m in Sources */ = {isa = PBXBuildFile; fileRef = 2DE54B0414C847FD00CB04CB /* UBRandomQuotesDataSource.m */; };
		2DF27D9E1455D2670011168F /* libxml2.dylib in Frameworks */ = {isa = PBXBuildFile; fileRef = 2DF27D9D1455D2670011168F /* libxml2.dylib */; };
		B0052FCA14BCD60B0082DAB9 /* facebook.png in Resources */ = {isa = PBXBuildFile; fileRef = B0052FC414BCD60B0082DAB9 /* facebook.png */; };
		B0052FCB14BCD60B0082DAB9 /* facebook@2x.png in Resources */ = {isa = PBXBuildFile; fileRef = B0052FC514BCD60B0082DAB9 /* facebook@2x.png */; };
		B0052FCC14BCD60B0082DAB9 /* gmail.png in Resources */ = {isa = PBXBuildFile; fileRef = B0052FC614BCD60B0082DAB9 /* gmail.png */; };
		B0052FCD14BCD60B0082DAB9 /* gmail@2x.png in Resources */ = {isa = PBXBuildFile; fileRef = B0052FC714BCD60B0082DAB9 /* gmail@2x.png */; };
		B0052FCE14BCD60B0082DAB9 /* twitter.png in Resources */ = {isa = PBXBuildFile; fileRef = B0052FC814BCD60B0082DAB9 /* twitter.png */; };
		B0052FCF14BCD60B0082DAB9 /* twitter@2x.png in Resources */ = {isa = PBXBuildFile; fileRef = B0052FC914BCD60B0082DAB9 /* twitter@2x.png */; };
		B02855CE14C0CDEE00FAA8A8 /* UBViewController.m in Sources */ = {isa = PBXBuildFile; fileRef = B02855CD14C0CDEE00FAA8A8 /* UBViewController.m */; };
		B04B12E914BA3E340060F668 /* category-button-bg.png in Resources */ = {isa = PBXBuildFile; fileRef = B04B12E714BA3E340060F668 /* category-button-bg.png */; };
		B04B12EA14BA3E340060F668 /* category-button-bg@2x.png in Resources */ = {isa = PBXBuildFile; fileRef = B04B12E814BA3E340060F668 /* category-button-bg@2x.png */; };
		B0604E2D14D5F4A500F8ADB0 /* MessageUI.framework in Frameworks */ = {isa = PBXBuildFile; fileRef = B0604E2C14D5F4A500F8ADB0 /* MessageUI.framework */; };
		B0604E3014D5F4AE00F8ADB0 /* Twitter.framework in Frameworks */ = {isa = PBXBuildFile; fileRef = B0604E2F14D5F4AE00F8ADB0 /* Twitter.framework */; };
		B060544D14C48BFB004B8ED9 /* UBMenuItemCell.m in Sources */ = {isa = PBXBuildFile; fileRef = B060544C14C48BFB004B8ED9 /* UBMenuItemCell.m */; };
		B09B37C414DC7649003E732D /* UBImageCell.m in Sources */ = {isa = PBXBuildFile; fileRef = B09B37C314DC7649003E732D /* UBImageCell.m */; };
		B09B37C914DC783F003E732D /* UBTableViewDataSource.m in Sources */ = {isa = PBXBuildFile; fileRef = B09B37C814DC783F003E732D /* UBTableViewDataSource.m */; };
		B09B37CC14DC7B97003E732D /* UBQuotesDataSource.m in Sources */ = {isa = PBXBuildFile; fileRef = B09B37CB14DC7B97003E732D /* UBQuotesDataSource.m */; };
		B09B37CF14DC8410003E732D /* UBPicturesDataSource.m in Sources */ = {isa = PBXBuildFile; fileRef = B09B37CE14DC8410003E732D /* UBPicturesDataSource.m */; };
		B0B8DBC614B8617A00B07FDD /* Default.png in Resources */ = {isa = PBXBuildFile; fileRef = B0B8DBC514B8617A00B07FDD /* Default.png */; };
		B0B8DBC914B8618600B07FDD /* Default@2x.png in Resources */ = {isa = PBXBuildFile; fileRef = B0B8DBC814B8618600B07FDD /* Default@2x.png */; };
		B0B8DBCC14B8635100B07FDD /* logo.png in Resources */ = {isa = PBXBuildFile; fileRef = B0B8DBCA14B8635100B07FDD /* logo.png */; };
		B0B8DBCD14B8635100B07FDD /* logo@2x.png in Resources */ = {isa = PBXBuildFile; fileRef = B0B8DBCB14B8635100B07FDD /* logo@2x.png */; };
		B0CFEC0C14C2051900B6C5A7 /* menu-button.png in Resources */ = {isa = PBXBuildFile; fileRef = B0CFEC0A14C2051900B6C5A7 /* menu-button.png */; };
		B0CFEC0D14C2051900B6C5A7 /* menu-button@2x.png in Resources */ = {isa = PBXBuildFile; fileRef = B0CFEC0B14C2051900B6C5A7 /* menu-button@2x.png */; };
		B0DCA88614BF22C7007132B6 /* UBNavigationController.m in Sources */ = {isa = PBXBuildFile; fileRef = B0DCA88514BF22C7007132B6 /* UBNavigationController.m */; };
		B0DCA88C14BF325A007132B6 /* menu-pin.png in Resources */ = {isa = PBXBuildFile; fileRef = B0DCA88814BF325A007132B6 /* menu-pin.png */; };
		B0DCA88D14BF325A007132B6 /* menu-pin@2x.png in Resources */ = {isa = PBXBuildFile; fileRef = B0DCA88914BF325A007132B6 /* menu-pin@2x.png */; };
		B0DCA88E14BF325A007132B6 /* view-background.png in Resources */ = {isa = PBXBuildFile; fileRef = B0DCA88A14BF325A007132B6 /* view-background.png */; };
		B0DCA88F14BF325A007132B6 /* view-background@2x.png in Resources */ = {isa = PBXBuildFile; fileRef = B0DCA88B14BF325A007132B6 /* view-background@2x.png */; };
		B0DCA89214BF3279007132B6 /* UBMenuViewController.m in Sources */ = {isa = PBXBuildFile; fileRef = B0DCA89114BF3279007132B6 /* UBMenuViewController.m */; };
		B0E9C15614D6F752000C3D97 /* menu-pin-45.png in Resources */ = {isa = PBXBuildFile; fileRef = B0E9C15414D6F752000C3D97 /* menu-pin-45.png */; };
		B0E9C15714D6F752000C3D97 /* menu-pin-45@2x.png in Resources */ = {isa = PBXBuildFile; fileRef = B0E9C15514D6F752000C3D97 /* menu-pin-45@2x.png */; };
/* End PBXBuildFile section */

/* Begin PBXFileReference section */
		2D07888214C76F8700AC07D4 /* UBUnpablishedQuotesDataSource.h */ = {isa = PBXFileReference; fileEncoding = 4; lastKnownFileType = sourcecode.c.h; path = UBUnpablishedQuotesDataSource.h; sourceTree = "<group>"; };
		2D07888314C76F8700AC07D4 /* UBUnpablishedQuotesDataSource.m */ = {isa = PBXFileReference; fileEncoding = 4; lastKnownFileType = sourcecode.c.objc; path = UBUnpablishedQuotesDataSource.m; sourceTree = "<group>"; };
		2D1262FD14F6E6DA001C9DA0 /* DownloadOperations.h */ = {isa = PBXFileReference; fileEncoding = 4; lastKnownFileType = sourcecode.c.h; path = DownloadOperations.h; sourceTree = "<group>"; };
		2D1262FE14F6E6DA001C9DA0 /* DownloadOperations.m */ = {isa = PBXFileReference; fileEncoding = 4; lastKnownFileType = sourcecode.c.objc; path = DownloadOperations.m; sourceTree = "<group>"; };
		2D1262FF14F6E6DA001C9DA0 /* ImageCenterFriend.h */ = {isa = PBXFileReference; fileEncoding = 4; lastKnownFileType = sourcecode.c.h; path = ImageCenterFriend.h; sourceTree = "<group>"; };
		2D12630014F6E6DA001C9DA0 /* MediaCenter.h */ = {isa = PBXFileReference; fileEncoding = 4; lastKnownFileType = sourcecode.c.h; path = MediaCenter.h; sourceTree = "<group>"; };
		2D12630114F6E6DA001C9DA0 /* MediaCenter.m */ = {isa = PBXFileReference; fileEncoding = 4; lastKnownFileType = sourcecode.c.objc; path = MediaCenter.m; sourceTree = "<group>"; };
		2D12630414F6E789001C9DA0 /* UIKitExtentions.h */ = {isa = PBXFileReference; fileEncoding = 4; lastKnownFileType = sourcecode.c.h; path = UIKitExtentions.h; sourceTree = "<group>"; };
		2D12630514F6E789001C9DA0 /* UIKitExtentions.m */ = {isa = PBXFileReference; fileEncoding = 4; lastKnownFileType = sourcecode.c.objc; path = UIKitExtentions.m; sourceTree = "<group>"; };
		2D144DD81419073B009E1DBA /* UBRequest.h */ = {isa = PBXFileReference; fileEncoding = 4; lastKnownFileType = sourcecode.c.h; path = UBRequest.h; sourceTree = "<group>"; };
		2D144DD91419073B009E1DBA /* UBRequest.m */ = {isa = PBXFileReference; fileEncoding = 4; lastKnownFileType = sourcecode.c.objc; path = UBRequest.m; sourceTree = "<group>"; };
		2D337F4C14D1AADB00DF225F /* UBPicture.h */ = {isa = PBXFileReference; fileEncoding = 4; lastKnownFileType = sourcecode.c.h; path = UBPicture.h; sourceTree = "<group>"; };
		2D337F4D14D1AADB00DF225F /* UBPicture.m */ = {isa = PBXFileReference; fileEncoding = 4; lastKnownFileType = sourcecode.c.objc; path = UBPicture.m; sourceTree = "<group>"; };
		2D337F4F14D1B2F600DF225F /* UBPublishedPicturesDataSource.h */ = {isa = PBXFileReference; fileEncoding = 4; lastKnownFileType = sourcecode.c.h; path = UBPublishedPicturesDataSource.h; sourceTree = "<group>"; };
		2D337F5014D1B2F600DF225F /* UBPublishedPicturesDataSource.m */ = {isa = PBXFileReference; fileEncoding = 4; lastKnownFileType = sourcecode.c.objc; path = UBPublishedPicturesDataSource.m; sourceTree = "<group>"; };
		2D48CDF014C8DF2500C5696B /* UBImagesRequest.h */ = {isa = PBXFileReference; fileEncoding = 4; lastKnownFileType = sourcecode.c.h; path = UBImagesRequest.h; sourceTree = "<group>"; };
		2D48CDF114C8DF2500C5696B /* UBImagesRequest.m */ = {isa = PBXFileReference; fileEncoding = 4; lastKnownFileType = sourcecode.c.objc; path = UBImagesRequest.m; sourceTree = "<group>"; };
		2D52D6C414DCADFB00E6A744 /* UBUnpablishedPicturesDataSource.h */ = {isa = PBXFileReference; fileEncoding = 4; lastKnownFileType = sourcecode.c.h; path = UBUnpablishedPicturesDataSource.h; sourceTree = "<group>"; };
		2D52D6C514DCADFC00E6A744 /* UBUnpablishedPicturesDataSource.m */ = {isa = PBXFileReference; fileEncoding = 4; lastKnownFileType = sourcecode.c.objc; path = UBUnpablishedPicturesDataSource.m; sourceTree = "<group>"; };
		2D52D6C714DCAE1A00E6A744 /* UBBestPicturesDataSource.h */ = {isa = PBXFileReference; fileEncoding = 4; lastKnownFileType = sourcecode.c.h; path = UBBestPicturesDataSource.h; sourceTree = "<group>"; };
		2D52D6C814DCAE1A00E6A744 /* UBBestPicturesDataSource.m */ = {isa = PBXFileReference; fileEncoding = 4; lastKnownFileType = sourcecode.c.objc; path = UBBestPicturesDataSource.m; sourceTree = "<group>"; };
		2D52D6CA14DCAE2A00E6A744 /* UBRandomPicturesDataSource.h */ = {isa = PBXFileReference; fileEncoding = 4; lastKnownFileType = sourcecode.c.h; path = UBRandomPicturesDataSource.h; sourceTree = "<group>"; };
		2D52D6CB14DCAE2A00E6A744 /* UBRandomPicturesDataSource.m */ = {isa = PBXFileReference; fileEncoding = 4; lastKnownFileType = sourcecode.c.objc; path = UBRandomPicturesDataSource.m; sourceTree = "<group>"; };
		2D57274A1455F5EE00A6DAE4 /* Model.h */ = {isa = PBXFileReference; fileEncoding = 4; lastKnownFileType = sourcecode.c.h; path = Model.h; sourceTree = "<group>"; };
		2D57274B1455F5EE00A6DAE4 /* Model.m */ = {isa = PBXFileReference; fileEncoding = 4; lastKnownFileType = sourcecode.c.objc; path = Model.m; sourceTree = "<group>"; };
		2D57274D1456017900A6DAE4 /* UBQuotesRequest.h */ = {isa = PBXFileReference; fileEncoding = 4; lastKnownFileType = sourcecode.c.h; path = UBQuotesRequest.h; sourceTree = "<group>"; };
		2D57274E1456017900A6DAE4 /* UBQuotesRequest.m */ = {isa = PBXFileReference; fileEncoding = 4; lastKnownFileType = sourcecode.c.objc; path = UBQuotesRequest.m; sourceTree = "<group>"; };
		2D9F6E0C14A158C40012D690 /* UBQuotesContainerController.h */ = {isa = PBXFileReference; fileEncoding = 4; lastKnownFileType = sourcecode.c.h; path = UBQuotesContainerController.h; sourceTree = "<group>"; };
		2D9F6E0D14A158C40012D690 /* UBQuotesContainerController.m */ = {isa = PBXFileReference; fileEncoding = 4; lastKnownFileType = sourcecode.c.objc; path = UBQuotesContainerController.m; sourceTree = "<group>"; };
		2DADD34514A3FA4A00808AA6 /* UBQuoteCell.h */ = {isa = PBXFileReference; fileEncoding = 4; lastKnownFileType = sourcecode.c.h; path = UBQuoteCell.h; sourceTree = "<group>"; };
		2DADD34614A3FA4A00808AA6 /* UBQuoteCell.m */ = {isa = PBXFileReference; fileEncoding = 4; lastKnownFileType = sourcecode.c.objc; path = UBQuoteCell.m; sourceTree = "<group>"; };
		2DB0FAAD1416C8CF00EFD6BC /* UkrBash.app */ = {isa = PBXFileReference; explicitFileType = wrapper.application; includeInIndex = 0; path = UkrBash.app; sourceTree = BUILT_PRODUCTS_DIR; };
		2DB0FAB11416C8CF00EFD6BC /* UIKit.framework */ = {isa = PBXFileReference; lastKnownFileType = wrapper.framework; name = UIKit.framework; path = System/Library/Frameworks/UIKit.framework; sourceTree = SDKROOT; };
		2DB0FAB31416C8CF00EFD6BC /* Foundation.framework */ = {isa = PBXFileReference; lastKnownFileType = wrapper.framework; name = Foundation.framework; path = System/Library/Frameworks/Foundation.framework; sourceTree = SDKROOT; };
		2DB0FAB51416C8CF00EFD6BC /* CoreGraphics.framework */ = {isa = PBXFileReference; lastKnownFileType = wrapper.framework; name = CoreGraphics.framework; path = System/Library/Frameworks/CoreGraphics.framework; sourceTree = SDKROOT; };
		2DB0FAB71416C8CF00EFD6BC /* CoreData.framework */ = {isa = PBXFileReference; lastKnownFileType = wrapper.framework; name = CoreData.framework; path = System/Library/Frameworks/CoreData.framework; sourceTree = SDKROOT; };
		2DB0FABB1416C8CF00EFD6BC /* UkrBash-Info.plist */ = {isa = PBXFileReference; lastKnownFileType = text.plist.xml; path = "UkrBash-Info.plist"; sourceTree = "<group>"; };
		2DB0FABD1416C8CF00EFD6BC /* en */ = {isa = PBXFileReference; lastKnownFileType = text.plist.strings; name = en; path = en.lproj/InfoPlist.strings; sourceTree = "<group>"; };
		2DB0FABF1416C8CF00EFD6BC /* UkrBash-Prefix.pch */ = {isa = PBXFileReference; lastKnownFileType = sourcecode.c.h; path = "UkrBash-Prefix.pch"; sourceTree = "<group>"; };
		2DB0FAC01416C8CF00EFD6BC /* main.m */ = {isa = PBXFileReference; lastKnownFileType = sourcecode.c.objc; path = main.m; sourceTree = "<group>"; };
		2DB0FAC21416C8CF00EFD6BC /* UkrBashAppDelegate.h */ = {isa = PBXFileReference; lastKnownFileType = sourcecode.c.h; path = UkrBashAppDelegate.h; sourceTree = "<group>"; };
		2DB0FAC31416C8CF00EFD6BC /* UkrBashAppDelegate.m */ = {isa = PBXFileReference; lastKnownFileType = sourcecode.c.objc; path = UkrBashAppDelegate.m; sourceTree = "<group>"; };
		2DB0FAC61416C8CF00EFD6BC /* en */ = {isa = PBXFileReference; lastKnownFileType = file.xib; name = en; path = en.lproj/MainWindow.xib; sourceTree = "<group>"; };
		2DB0FAC91416C8CF00EFD6BC /* UkrBash.xcdatamodel */ = {isa = PBXFileReference; lastKnownFileType = wrapper.xcdatamodel; path = UkrBash.xcdatamodel; sourceTree = "<group>"; };
		2DB323DB1417A1FA001440B7 /* GDataXMLNode.h */ = {isa = PBXFileReference; fileEncoding = 4; lastKnownFileType = sourcecode.c.h; path = GDataXMLNode.h; sourceTree = "<group>"; };
		2DB323DC1417A1FA001440B7 /* GDataXMLNode.m */ = {isa = PBXFileReference; fileEncoding = 4; lastKnownFileType = sourcecode.c.objc; path = GDataXMLNode.m; sourceTree = "<group>"; };
		2DB323DF1417BA02001440B7 /* UBParser.h */ = {isa = PBXFileReference; fileEncoding = 4; lastKnownFileType = sourcecode.c.h; path = UBParser.h; sourceTree = "<group>"; };
		2DB323E01417BA02001440B7 /* UBParser.m */ = {isa = PBXFileReference; fileEncoding = 4; lastKnownFileType = sourcecode.c.objc; path = UBParser.m; sourceTree = "<group>"; };
		2DB323E21417BBAD001440B7 /* UBQuotesParser.h */ = {isa = PBXFileReference; fileEncoding = 4; lastKnownFileType = sourcecode.c.h; path = UBQuotesParser.h; sourceTree = "<group>"; };
		2DB323E31417BBAD001440B7 /* UBQuotesParser.m */ = {isa = PBXFileReference; fileEncoding = 4; lastKnownFileType = sourcecode.c.objc; path = UBQuotesParser.m; sourceTree = "<group>"; };
		2DB323E51417BBEC001440B7 /* UBPicturesParser.h */ = {isa = PBXFileReference; fileEncoding = 4; lastKnownFileType = sourcecode.c.h; path = UBPicturesParser.h; sourceTree = "<group>"; };
		2DB323E61417BBEC001440B7 /* UBPicturesParser.m */ = {isa = PBXFileReference; fileEncoding = 4; lastKnownFileType = sourcecode.c.objc; path = UBPicturesParser.m; sourceTree = "<group>"; };
		2DB323E81417BC1E001440B7 /* UBSiteGetInfoParser.h */ = {isa = PBXFileReference; fileEncoding = 4; lastKnownFileType = sourcecode.c.h; path = UBSiteGetInfoParser.h; sourceTree = "<group>"; };
		2DB323E91417BC1E001440B7 /* UBSiteGetInfoParser.m */ = {isa = PBXFileReference; fileEncoding = 4; lastKnownFileType = sourcecode.c.objc; path = UBSiteGetInfoParser.m; sourceTree = "<group>"; };
		2DB323EB1417BC4E001440B7 /* UBSiteGetTagsParser.h */ = {isa = PBXFileReference; fileEncoding = 4; lastKnownFileType = sourcecode.c.h; path = UBSiteGetTagsParser.h; sourceTree = "<group>"; };
		2DB323EC1417BC4E001440B7 /* UBSiteGetTagsParser.m */ = {isa = PBXFileReference; fileEncoding = 4; lastKnownFileType = sourcecode.c.objc; path = UBSiteGetTagsParser.m; sourceTree = "<group>"; };
		2DB323EE1417BC70001440B7 /* UBErrorsParser.h */ = {isa = PBXFileReference; fileEncoding = 4; lastKnownFileType = sourcecode.c.h; path = UBErrorsParser.h; sourceTree = "<group>"; };
		2DB323EF1417BC70001440B7 /* UBErrorsParser.m */ = {isa = PBXFileReference; fileEncoding = 4; lastKnownFileType = sourcecode.c.objc; path = UBErrorsParser.m; sourceTree = "<group>"; };
		2DBF09FF14B66A1200A8949B /* app-icon.png */ = {isa = PBXFileReference; lastKnownFileType = image.png; path = "app-icon.png"; sourceTree = "<group>"; };
		2DBF0A0014B66A1200A8949B /* app-icon@2x.png */ = {isa = PBXFileReference; lastKnownFileType = image.png; path = "app-icon@2x.png"; sourceTree = "<group>"; };
		2DDC236514A27527000B407F /* ApiKey.h */ = {isa = PBXFileReference; fileEncoding = 4; lastKnownFileType = sourcecode.c.h; path = ApiKey.h; sourceTree = "<group>"; };
		2DDED39814A3649D003B315D /* UBQuote.h */ = {isa = PBXFileReference; fileEncoding = 4; lastKnownFileType = sourcecode.c.h; path = UBQuote.h; sourceTree = "<group>"; };
		2DDED39914A3649D003B315D /* UBQuote.m */ = {isa = PBXFileReference; fileEncoding = 4; lastKnownFileType = sourcecode.c.objc; path = UBQuote.m; sourceTree = "<group>"; };
		2DE54AFB14C83F5500CB04CB /* UBQuotesDataSource.h */ = {isa = PBXFileReference; fileEncoding = 4; lastKnownFileType = sourcecode.c.h; path = UBQuotesDataSource.h; sourceTree = "<group>"; };
		2DE54AFD14C83FF800CB04CB /* UBPublishedQuotesDataSource.h */ = {isa = PBXFileReference; fileEncoding = 4; lastKnownFileType = sourcecode.c.h; path = UBPublishedQuotesDataSource.h; sourceTree = "<group>"; };
		2DE54AFE14C83FF800CB04CB /* UBPublishedQuotesDataSource.m */ = {isa = PBXFileReference; fileEncoding = 4; lastKnownFileType = sourcecode.c.objc; path = UBPublishedQuotesDataSource.m; sourceTree = "<group>"; };
		2DE54B0014C8438D00CB04CB /* UBBestQuotesDataSource.h */ = {isa = PBXFileReference; fileEncoding = 4; lastKnownFileType = sourcecode.c.h; path = UBBestQuotesDataSource.h; sourceTree = "<group>"; };
		2DE54B0114C8438D00CB04CB /* UBBestQuotesDataSource.m */ = {isa = PBXFileReference; fileEncoding = 4; lastKnownFileType = sourcecode.c.objc; path = UBBestQuotesDataSource.m; sourceTree = "<group>"; };
		2DE54B0314C847FD00CB04CB /* UBRandomQuotesDataSource.h */ = {isa = PBXFileReference; fileEncoding = 4; lastKnownFileType = sourcecode.c.h; path = UBRandomQuotesDataSource.h; sourceTree = "<group>"; };
		2DE54B0414C847FD00CB04CB /* UBRandomQuotesDataSource.m */ = {isa = PBXFileReference; fileEncoding = 4; lastKnownFileType = sourcecode.c.objc; path = UBRandomQuotesDataSource.m; sourceTree = "<group>"; };
		2DF27D9D1455D2670011168F /* libxml2.dylib */ = {isa = PBXFileReference; lastKnownFileType = "compiled.mach-o.dylib"; name = libxml2.dylib; path = usr/lib/libxml2.dylib; sourceTree = SDKROOT; };
		B0052FC414BCD60B0082DAB9 /* facebook.png */ = {isa = PBXFileReference; lastKnownFileType = image.png; path = facebook.png; sourceTree = "<group>"; };
		B0052FC514BCD60B0082DAB9 /* facebook@2x.png */ = {isa = PBXFileReference; lastKnownFileType = image.png; path = "facebook@2x.png"; sourceTree = "<group>"; };
		B0052FC614BCD60B0082DAB9 /* gmail.png */ = {isa = PBXFileReference; lastKnownFileType = image.png; path = gmail.png; sourceTree = "<group>"; };
		B0052FC714BCD60B0082DAB9 /* gmail@2x.png */ = {isa = PBXFileReference; lastKnownFileType = image.png; path = "gmail@2x.png"; sourceTree = "<group>"; };
		B0052FC814BCD60B0082DAB9 /* twitter.png */ = {isa = PBXFileReference; lastKnownFileType = image.png; path = twitter.png; sourceTree = "<group>"; };
		B0052FC914BCD60B0082DAB9 /* twitter@2x.png */ = {isa = PBXFileReference; lastKnownFileType = image.png; path = "twitter@2x.png"; sourceTree = "<group>"; };
		B02855CC14C0CDEE00FAA8A8 /* UBViewController.h */ = {isa = PBXFileReference; fileEncoding = 4; lastKnownFileType = sourcecode.c.h; path = UBViewController.h; sourceTree = "<group>"; };
		B02855CD14C0CDEE00FAA8A8 /* UBViewController.m */ = {isa = PBXFileReference; fileEncoding = 4; lastKnownFileType = sourcecode.c.objc; path = UBViewController.m; sourceTree = "<group>"; };
		B04B12E714BA3E340060F668 /* category-button-bg.png */ = {isa = PBXFileReference; lastKnownFileType = image.png; path = "category-button-bg.png"; sourceTree = "<group>"; };
		B04B12E814BA3E340060F668 /* category-button-bg@2x.png */ = {isa = PBXFileReference; lastKnownFileType = image.png; path = "category-button-bg@2x.png"; sourceTree = "<group>"; };
		B0604E2C14D5F4A500F8ADB0 /* MessageUI.framework */ = {isa = PBXFileReference; lastKnownFileType = wrapper.framework; name = MessageUI.framework; path = System/Library/Frameworks/MessageUI.framework; sourceTree = SDKROOT; };
		B0604E2F14D5F4AE00F8ADB0 /* Twitter.framework */ = {isa = PBXFileReference; lastKnownFileType = wrapper.framework; name = Twitter.framework; path = System/Library/Frameworks/Twitter.framework; sourceTree = SDKROOT; };
		B060544B14C48BFB004B8ED9 /* UBMenuItemCell.h */ = {isa = PBXFileReference; fileEncoding = 4; lastKnownFileType = sourcecode.c.h; path = UBMenuItemCell.h; sourceTree = "<group>"; };
		B060544C14C48BFB004B8ED9 /* UBMenuItemCell.m */ = {isa = PBXFileReference; fileEncoding = 4; lastKnownFileType = sourcecode.c.objc; path = UBMenuItemCell.m; sourceTree = "<group>"; };
		B09B37C214DC7649003E732D /* UBImageCell.h */ = {isa = PBXFileReference; fileEncoding = 4; lastKnownFileType = sourcecode.c.h; path = UBImageCell.h; sourceTree = "<group>"; };
		B09B37C314DC7649003E732D /* UBImageCell.m */ = {isa = PBXFileReference; fileEncoding = 4; lastKnownFileType = sourcecode.c.objc; path = UBImageCell.m; sourceTree = "<group>"; };
		B09B37C714DC783F003E732D /* UBTableViewDataSource.h */ = {isa = PBXFileReference; fileEncoding = 4; lastKnownFileType = sourcecode.c.h; path = UBTableViewDataSource.h; sourceTree = "<group>"; };
		B09B37C814DC783F003E732D /* UBTableViewDataSource.m */ = {isa = PBXFileReference; fileEncoding = 4; lastKnownFileType = sourcecode.c.objc; path = UBTableViewDataSource.m; sourceTree = "<group>"; };
		B09B37CB14DC7B97003E732D /* UBQuotesDataSource.m */ = {isa = PBXFileReference; fileEncoding = 4; lastKnownFileType = sourcecode.c.objc; path = UBQuotesDataSource.m; sourceTree = "<group>"; };
		B09B37CD14DC8410003E732D /* UBPicturesDataSource.h */ = {isa = PBXFileReference; fileEncoding = 4; lastKnownFileType = sourcecode.c.h; path = UBPicturesDataSource.h; sourceTree = "<group>"; };
		B09B37CE14DC8410003E732D /* UBPicturesDataSource.m */ = {isa = PBXFileReference; fileEncoding = 4; lastKnownFileType = sourcecode.c.objc; path = UBPicturesDataSource.m; sourceTree = "<group>"; };
		B0B8DBC514B8617A00B07FDD /* Default.png */ = {isa = PBXFileReference; lastKnownFileType = image.png; path = Default.png; sourceTree = "<group>"; };
		B0B8DBC814B8618600B07FDD /* Default@2x.png */ = {isa = PBXFileReference; lastKnownFileType = image.png; path = "Default@2x.png"; sourceTree = "<group>"; };
		B0B8DBCA14B8635100B07FDD /* logo.png */ = {isa = PBXFileReference; lastKnownFileType = image.png; path = logo.png; sourceTree = "<group>"; };
		B0B8DBCB14B8635100B07FDD /* logo@2x.png */ = {isa = PBXFileReference; lastKnownFileType = image.png; path = "logo@2x.png"; sourceTree = "<group>"; };
		B0CFEC0A14C2051900B6C5A7 /* menu-button.png */ = {isa = PBXFileReference; lastKnownFileType = image.png; path = "menu-button.png"; sourceTree = "<group>"; };
		B0CFEC0B14C2051900B6C5A7 /* menu-button@2x.png */ = {isa = PBXFileReference; lastKnownFileType = image.png; path = "menu-button@2x.png"; sourceTree = "<group>"; };
		B0DCA88414BF22C7007132B6 /* UBNavigationController.h */ = {isa = PBXFileReference; fileEncoding = 4; lastKnownFileType = sourcecode.c.h; path = UBNavigationController.h; sourceTree = "<group>"; };
		B0DCA88514BF22C7007132B6 /* UBNavigationController.m */ = {isa = PBXFileReference; fileEncoding = 4; lastKnownFileType = sourcecode.c.objc; path = UBNavigationController.m; sourceTree = "<group>"; };
		B0DCA88814BF325A007132B6 /* menu-pin.png */ = {isa = PBXFileReference; lastKnownFileType = image.png; path = "menu-pin.png"; sourceTree = "<group>"; };
		B0DCA88914BF325A007132B6 /* menu-pin@2x.png */ = {isa = PBXFileReference; lastKnownFileType = image.png; path = "menu-pin@2x.png"; sourceTree = "<group>"; };
		B0DCA88A14BF325A007132B6 /* view-background.png */ = {isa = PBXFileReference; lastKnownFileType = image.png; path = "view-background.png"; sourceTree = "<group>"; };
		B0DCA88B14BF325A007132B6 /* view-background@2x.png */ = {isa = PBXFileReference; lastKnownFileType = image.png; path = "view-background@2x.png"; sourceTree = "<group>"; };
		B0DCA89014BF3279007132B6 /* UBMenuViewController.h */ = {isa = PBXFileReference; fileEncoding = 4; lastKnownFileType = sourcecode.c.h; path = UBMenuViewController.h; sourceTree = "<group>"; };
		B0DCA89114BF3279007132B6 /* UBMenuViewController.m */ = {isa = PBXFileReference; fileEncoding = 4; lastKnownFileType = sourcecode.c.objc; path = UBMenuViewController.m; sourceTree = "<group>"; };
		B0E9C15414D6F752000C3D97 /* menu-pin-45.png */ = {isa = PBXFileReference; lastKnownFileType = image.png; path = "menu-pin-45.png"; sourceTree = "<group>"; };
		B0E9C15514D6F752000C3D97 /* menu-pin-45@2x.png */ = {isa = PBXFileReference; lastKnownFileType = image.png; path = "menu-pin-45@2x.png"; sourceTree = "<group>"; };
/* End PBXFileReference section */

/* Begin PBXFrameworksBuildPhase section */
		2DB0FAAA1416C8CF00EFD6BC /* Frameworks */ = {
			isa = PBXFrameworksBuildPhase;
			buildActionMask = 2147483647;
			files = (
				B0604E3014D5F4AE00F8ADB0 /* Twitter.framework in Frameworks */,
				B0604E2D14D5F4A500F8ADB0 /* MessageUI.framework in Frameworks */,
				2DF27D9E1455D2670011168F /* libxml2.dylib in Frameworks */,
				2DB0FAB21416C8CF00EFD6BC /* UIKit.framework in Frameworks */,
				2DB0FAB41416C8CF00EFD6BC /* Foundation.framework in Frameworks */,
				2DB0FAB61416C8CF00EFD6BC /* CoreGraphics.framework in Frameworks */,
				2DB0FAB81416C8CF00EFD6BC /* CoreData.framework in Frameworks */,
			);
			runOnlyForDeploymentPostprocessing = 0;
		};
/* End PBXFrameworksBuildPhase section */

/* Begin PBXGroup section */
		2D1262FC14F6E6DA001C9DA0 /* MediaCenter */ = {
			isa = PBXGroup;
			children = (
				2D1262FD14F6E6DA001C9DA0 /* DownloadOperations.h */,
				2D1262FE14F6E6DA001C9DA0 /* DownloadOperations.m */,
				2D1262FF14F6E6DA001C9DA0 /* ImageCenterFriend.h */,
				2D12630014F6E6DA001C9DA0 /* MediaCenter.h */,
				2D12630114F6E6DA001C9DA0 /* MediaCenter.m */,
			);
			path = MediaCenter;
			sourceTree = "<group>";
		};
		2D144DD71419071D009E1DBA /* Requests */ = {
			isa = PBXGroup;
			children = (
				2D144DD81419073B009E1DBA /* UBRequest.h */,
				2D144DD91419073B009E1DBA /* UBRequest.m */,
				2D57274D1456017900A6DAE4 /* UBQuotesRequest.h */,
				2D57274E1456017900A6DAE4 /* UBQuotesRequest.m */,
				2D48CDF014C8DF2500C5696B /* UBImagesRequest.h */,
				2D48CDF114C8DF2500C5696B /* UBImagesRequest.m */,
			);
			name = Requests;
			sourceTree = "<group>";
		};
		2DADD34314A3F6AF00808AA6 /* Views */ = {
			isa = PBXGroup;
			children = (
				2DADD34514A3FA4A00808AA6 /* UBQuoteCell.h */,
				2DADD34614A3FA4A00808AA6 /* UBQuoteCell.m */,
				B060544B14C48BFB004B8ED9 /* UBMenuItemCell.h */,
				B060544C14C48BFB004B8ED9 /* UBMenuItemCell.m */,
				B09B37C214DC7649003E732D /* UBImageCell.h */,
				B09B37C314DC7649003E732D /* UBImageCell.m */,
			);
			name = Views;
			sourceTree = "<group>";
		};
		2DB0FAA21416C8CF00EFD6BC = {
			isa = PBXGroup;
			children = (
				B0B8DBC814B8618600B07FDD /* Default@2x.png */,
				B0B8DBC514B8617A00B07FDD /* Default.png */,
				2DB0FAB91416C8CF00EFD6BC /* UkrBash */,
				2DB0FAB01416C8CF00EFD6BC /* Frameworks */,
				2DB0FAAE1416C8CF00EFD6BC /* Products */,
			);
			sourceTree = "<group>";
		};
		2DB0FAAE1416C8CF00EFD6BC /* Products */ = {
			isa = PBXGroup;
			children = (
				2DB0FAAD1416C8CF00EFD6BC /* UkrBash.app */,
			);
			name = Products;
			sourceTree = "<group>";
		};
		2DB0FAB01416C8CF00EFD6BC /* Frameworks */ = {
			isa = PBXGroup;
			children = (
				2DF27D9D1455D2670011168F /* libxml2.dylib */,
				2DB0FAB11416C8CF00EFD6BC /* UIKit.framework */,
				2DB0FAB31416C8CF00EFD6BC /* Foundation.framework */,
				2DB0FAB51416C8CF00EFD6BC /* CoreGraphics.framework */,
				2DB0FAB71416C8CF00EFD6BC /* CoreData.framework */,
				B0604E2F14D5F4AE00F8ADB0 /* Twitter.framework */,
				B0604E2C14D5F4A500F8ADB0 /* MessageUI.framework */,
			);
			name = Frameworks;
			sourceTree = "<group>";
		};
		2DB0FAB91416C8CF00EFD6BC /* UkrBash */ = {
			isa = PBXGroup;
			children = (
				2D1262FC14F6E6DA001C9DA0 /* MediaCenter */,
				2DADD34314A3F6AF00808AA6 /* Views */,
				2DDED39614A36469003B315D /* Model */,
				2D144DD71419071D009E1DBA /* Requests */,
				2DB323F11417C9C1001440B7 /* Controllers */,
				2DB323DE1417B19A001440B7 /* Parsers */,
				2DB323D91417A1BD001440B7 /* GDataXML */,
				2DB0FAC21416C8CF00EFD6BC /* UkrBashAppDelegate.h */,
				2DB0FAC31416C8CF00EFD6BC /* UkrBashAppDelegate.m */,
				2D12630414F6E789001C9DA0 /* UIKitExtentions.h */,
				2D12630514F6E789001C9DA0 /* UIKitExtentions.m */,
				2DB0FAC51416C8CF00EFD6BC /* MainWindow.xib */,
				2DB0FAC81416C8CF00EFD6BC /* UkrBash.xcdatamodeld */,
				2DB0FABA1416C8CF00EFD6BC /* Supporting Files */,
			);
			path = UkrBash;
			sourceTree = "<group>";
		};
		2DB0FABA1416C8CF00EFD6BC /* Supporting Files */ = {
			isa = PBXGroup;
			children = (
				2DBF09FD14B669FD00A8949B /* Images */,
				2DB0FABB1416C8CF00EFD6BC /* UkrBash-Info.plist */,
				2DB0FABC1416C8CF00EFD6BC /* InfoPlist.strings */,
				2DB0FABF1416C8CF00EFD6BC /* UkrBash-Prefix.pch */,
				2DB0FAC01416C8CF00EFD6BC /* main.m */,
				2DDC236514A27527000B407F /* ApiKey.h */,
			);
			name = "Supporting Files";
			sourceTree = "<group>";
		};
		2DB323D91417A1BD001440B7 /* GDataXML */ = {
			isa = PBXGroup;
			children = (
				2DB323DB1417A1FA001440B7 /* GDataXMLNode.h */,
				2DB323DC1417A1FA001440B7 /* GDataXMLNode.m */,
			);
			name = GDataXML;
			sourceTree = "<group>";
		};
		2DB323DE1417B19A001440B7 /* Parsers */ = {
			isa = PBXGroup;
			children = (
				2DB323DF1417BA02001440B7 /* UBParser.h */,
				2DB323E01417BA02001440B7 /* UBParser.m */,
				2DB323E21417BBAD001440B7 /* UBQuotesParser.h */,
				2DB323E31417BBAD001440B7 /* UBQuotesParser.m */,
				2DB323E51417BBEC001440B7 /* UBPicturesParser.h */,
				2DB323E61417BBEC001440B7 /* UBPicturesParser.m */,
				2DB323E81417BC1E001440B7 /* UBSiteGetInfoParser.h */,
				2DB323E91417BC1E001440B7 /* UBSiteGetInfoParser.m */,
				2DB323EB1417BC4E001440B7 /* UBSiteGetTagsParser.h */,
				2DB323EC1417BC4E001440B7 /* UBSiteGetTagsParser.m */,
				2DB323EE1417BC70001440B7 /* UBErrorsParser.h */,
				2DB323EF1417BC70001440B7 /* UBErrorsParser.m */,
			);
			name = Parsers;
			sourceTree = "<group>";
		};
		2DB323F11417C9C1001440B7 /* Controllers */ = {
			isa = PBXGroup;
			children = (
				2D9F6E0C14A158C40012D690 /* UBQuotesContainerController.h */,
				2D9F6E0D14A158C40012D690 /* UBQuotesContainerController.m */,
				B0DCA88414BF22C7007132B6 /* UBNavigationController.h */,
				B0DCA88514BF22C7007132B6 /* UBNavigationController.m */,
				B0DCA89014BF3279007132B6 /* UBMenuViewController.h */,
				B0DCA89114BF3279007132B6 /* UBMenuViewController.m */,
				B02855CC14C0CDEE00FAA8A8 /* UBViewController.h */,
				B02855CD14C0CDEE00FAA8A8 /* UBViewController.m */,
			);
			name = Controllers;
			sourceTree = "<group>";
		};
		2DBF09FD14B669FD00A8949B /* Images */ = {
			isa = PBXGroup;
			children = (
				B0CFEC0A14C2051900B6C5A7 /* menu-button.png */,
				B0CFEC0B14C2051900B6C5A7 /* menu-button@2x.png */,
				B0DCA88814BF325A007132B6 /* menu-pin.png */,
				B0DCA88914BF325A007132B6 /* menu-pin@2x.png */,
				B0E9C15414D6F752000C3D97 /* menu-pin-45.png */,
				B0E9C15514D6F752000C3D97 /* menu-pin-45@2x.png */,
				B0DCA88A14BF325A007132B6 /* view-background.png */,
				B0DCA88B14BF325A007132B6 /* view-background@2x.png */,
				B0052FC414BCD60B0082DAB9 /* facebook.png */,
				B0052FC514BCD60B0082DAB9 /* facebook@2x.png */,
				B0052FC614BCD60B0082DAB9 /* gmail.png */,
				B0052FC714BCD60B0082DAB9 /* gmail@2x.png */,
				B0052FC814BCD60B0082DAB9 /* twitter.png */,
				B0052FC914BCD60B0082DAB9 /* twitter@2x.png */,
				B04B12E714BA3E340060F668 /* category-button-bg.png */,
				B04B12E814BA3E340060F668 /* category-button-bg@2x.png */,
				B0B8DBCA14B8635100B07FDD /* logo.png */,
				B0B8DBCB14B8635100B07FDD /* logo@2x.png */,
				2DBF09FF14B66A1200A8949B /* app-icon.png */,
				2DBF0A0014B66A1200A8949B /* app-icon@2x.png */,
			);
			name = Images;
			sourceTree = "<group>";
		};
		2DDED39614A36469003B315D /* Model */ = {
			isa = PBXGroup;
			children = (
				2DDED39814A3649D003B315D /* UBQuote.h */,
				2DDED39914A3649D003B315D /* UBQuote.m */,
				2D57274A1455F5EE00A6DAE4 /* Model.h */,
				2D57274B1455F5EE00A6DAE4 /* Model.m */,
				B09B37C714DC783F003E732D /* UBTableViewDataSource.h */,
				B09B37C814DC783F003E732D /* UBTableViewDataSource.m */,
				B09B37C614DC780B003E732D /* Quotes Datasources */,
				B09B37CA14DC784A003E732D /* Images Datasources */,
				2D337F4C14D1AADB00DF225F /* UBPicture.h */,
				2D337F4D14D1AADB00DF225F /* UBPicture.m */,
			);
			name = Model;
			sourceTree = "<group>";
		};
		B09B37C614DC780B003E732D /* Quotes Datasources */ = {
			isa = PBXGroup;
			children = (
				2D07888214C76F8700AC07D4 /* UBUnpablishedQuotesDataSource.h */,
				2D07888314C76F8700AC07D4 /* UBUnpablishedQuotesDataSource.m */,
				2DE54AFD14C83FF800CB04CB /* UBPublishedQuotesDataSource.h */,
				2DE54AFE14C83FF800CB04CB /* UBPublishedQuotesDataSource.m */,
				2DE54B0014C8438D00CB04CB /* UBBestQuotesDataSource.h */,
				2DE54B0114C8438D00CB04CB /* UBBestQuotesDataSource.m */,
				2DE54B0314C847FD00CB04CB /* UBRandomQuotesDataSource.h */,
				2DE54B0414C847FD00CB04CB /* UBRandomQuotesDataSource.m */,
				2DE54AFB14C83F5500CB04CB /* UBQuotesDataSource.h */,
				B09B37CB14DC7B97003E732D /* UBQuotesDataSource.m */,
			);
			name = "Quotes Datasources";
			sourceTree = "<group>";
		};
		B09B37CA14DC784A003E732D /* Images Datasources */ = {
			isa = PBXGroup;
			children = (
				B09B37CD14DC8410003E732D /* UBPicturesDataSource.h */,
				B09B37CE14DC8410003E732D /* UBPicturesDataSource.m */,
				2D337F4F14D1B2F600DF225F /* UBPublishedPicturesDataSource.h */,
				2D337F5014D1B2F600DF225F /* UBPublishedPicturesDataSource.m */,
				2D52D6C414DCADFB00E6A744 /* UBUnpablishedPicturesDataSource.h */,
				2D52D6C514DCADFC00E6A744 /* UBUnpablishedPicturesDataSource.m */,
				2D52D6C714DCAE1A00E6A744 /* UBBestPicturesDataSource.h */,
				2D52D6C814DCAE1A00E6A744 /* UBBestPicturesDataSource.m */,
				2D52D6CA14DCAE2A00E6A744 /* UBRandomPicturesDataSource.h */,
				2D52D6CB14DCAE2A00E6A744 /* UBRandomPicturesDataSource.m */,
			);
			name = "Images Datasources";
			sourceTree = "<group>";
		};
/* End PBXGroup section */

/* Begin PBXNativeTarget section */
		2DB0FAAC1416C8CF00EFD6BC /* UkrBash */ = {
			isa = PBXNativeTarget;
			buildConfigurationList = 2DB0FACD1416C8CF00EFD6BC /* Build configuration list for PBXNativeTarget "UkrBash" */;
			buildPhases = (
				2DB0FAA91416C8CF00EFD6BC /* Sources */,
				2DB0FAAA1416C8CF00EFD6BC /* Frameworks */,
				2DB0FAAB1416C8CF00EFD6BC /* Resources */,
			);
			buildRules = (
			);
			dependencies = (
			);
			name = UkrBash;
			productName = UkrBash;
			productReference = 2DB0FAAD1416C8CF00EFD6BC /* UkrBash.app */;
			productType = "com.apple.product-type.application";
		};
/* End PBXNativeTarget section */

/* Begin PBXProject section */
		2DB0FAA41416C8CF00EFD6BC /* Project object */ = {
			isa = PBXProject;
			attributes = {
				LastUpgradeCheck = 0430;
			};
			buildConfigurationList = 2DB0FAA71416C8CF00EFD6BC /* Build configuration list for PBXProject "UkrBash" */;
			compatibilityVersion = "Xcode 3.2";
			developmentRegion = English;
			hasScannedForEncodings = 0;
			knownRegions = (
				en,
			);
			mainGroup = 2DB0FAA21416C8CF00EFD6BC;
			productRefGroup = 2DB0FAAE1416C8CF00EFD6BC /* Products */;
			projectDirPath = "";
			projectRoot = "";
			targets = (
				2DB0FAAC1416C8CF00EFD6BC /* UkrBash */,
			);
		};
/* End PBXProject section */

/* Begin PBXResourcesBuildPhase section */
		2DB0FAAB1416C8CF00EFD6BC /* Resources */ = {
			isa = PBXResourcesBuildPhase;
			buildActionMask = 2147483647;
			files = (
				2DB0FABE1416C8CF00EFD6BC /* InfoPlist.strings in Resources */,
				2DB0FAC71416C8CF00EFD6BC /* MainWindow.xib in Resources */,
				2DBF0A0114B66A1200A8949B /* app-icon.png in Resources */,
				2DBF0A0214B66A1200A8949B /* app-icon@2x.png in Resources */,
				B0B8DBC614B8617A00B07FDD /* Default.png in Resources */,
				B0B8DBC914B8618600B07FDD /* Default@2x.png in Resources */,
				B0B8DBCC14B8635100B07FDD /* logo.png in Resources */,
				B0B8DBCD14B8635100B07FDD /* logo@2x.png in Resources */,
				B04B12E914BA3E340060F668 /* category-button-bg.png in Resources */,
				B04B12EA14BA3E340060F668 /* category-button-bg@2x.png in Resources */,
				B0052FCA14BCD60B0082DAB9 /* facebook.png in Resources */,
				B0052FCB14BCD60B0082DAB9 /* facebook@2x.png in Resources */,
				B0052FCC14BCD60B0082DAB9 /* gmail.png in Resources */,
				B0052FCD14BCD60B0082DAB9 /* gmail@2x.png in Resources */,
				B0052FCE14BCD60B0082DAB9 /* twitter.png in Resources */,
				B0052FCF14BCD60B0082DAB9 /* twitter@2x.png in Resources */,
				B0DCA88C14BF325A007132B6 /* menu-pin.png in Resources */,
				B0DCA88D14BF325A007132B6 /* menu-pin@2x.png in Resources */,
				B0DCA88E14BF325A007132B6 /* view-background.png in Resources */,
				B0DCA88F14BF325A007132B6 /* view-background@2x.png in Resources */,
				B0CFEC0C14C2051900B6C5A7 /* menu-button.png in Resources */,
				B0CFEC0D14C2051900B6C5A7 /* menu-button@2x.png in Resources */,
				B0E9C15614D6F752000C3D97 /* menu-pin-45.png in Resources */,
				B0E9C15714D6F752000C3D97 /* menu-pin-45@2x.png in Resources */,
			);
			runOnlyForDeploymentPostprocessing = 0;
		};
/* End PBXResourcesBuildPhase section */

/* Begin PBXSourcesBuildPhase section */
		2DB0FAA91416C8CF00EFD6BC /* Sources */ = {
			isa = PBXSourcesBuildPhase;
			buildActionMask = 2147483647;
			files = (
				2DB0FAC11416C8CF00EFD6BC /* main.m in Sources */,
				2DB0FAC41416C8CF00EFD6BC /* UkrBashAppDelegate.m in Sources */,
				2DB0FACA1416C8CF00EFD6BC /* UkrBash.xcdatamodeld in Sources */,
				2DB323DD1417A1FA001440B7 /* GDataXMLNode.m in Sources */,
				2DB323E11417BA02001440B7 /* UBParser.m in Sources */,
				2DB323E41417BBAD001440B7 /* UBQuotesParser.m in Sources */,
				2DB323E71417BBEC001440B7 /* UBPicturesParser.m in Sources */,
				2DB323EA1417BC1E001440B7 /* UBSiteGetInfoParser.m in Sources */,
				2DB323ED1417BC4E001440B7 /* UBSiteGetTagsParser.m in Sources */,
				2DB323F01417BC71001440B7 /* UBErrorsParser.m in Sources */,
				2D144DDA1419073B009E1DBA /* UBRequest.m in Sources */,
				2D57274C1455F5EE00A6DAE4 /* Model.m in Sources */,
				2D57274F1456017900A6DAE4 /* UBQuotesRequest.m in Sources */,
				2D9F6E0E14A158C40012D690 /* UBQuotesContainerController.m in Sources */,
				2DDED39A14A3649D003B315D /* UBQuote.m in Sources */,
				2DADD34714A3FA4A00808AA6 /* UBQuoteCell.m in Sources */,
				B0DCA88614BF22C7007132B6 /* UBNavigationController.m in Sources */,
				B0DCA89214BF3279007132B6 /* UBMenuViewController.m in Sources */,
				B02855CE14C0CDEE00FAA8A8 /* UBViewController.m in Sources */,
				2D07888414C76F8700AC07D4 /* UBUnpablishedQuotesDataSource.m in Sources */,
				2DE54AFF14C83FF800CB04CB /* UBPublishedQuotesDataSource.m in Sources */,
				2DE54B0214C8438D00CB04CB /* UBBestQuotesDataSource.m in Sources */,
				2DE54B0514C847FD00CB04CB /* UBRandomQuotesDataSource.m in Sources */,
				B060544D14C48BFB004B8ED9 /* UBMenuItemCell.m in Sources */,
				2D48CDF214C8DF2500C5696B /* UBImagesRequest.m in Sources */,
				2D337F4E14D1AADB00DF225F /* UBPicture.m in Sources */,
				2D337F5114D1B2F600DF225F /* UBPublishedPicturesDataSource.m in Sources */,
				B09B37C414DC7649003E732D /* UBImageCell.m in Sources */,
				B09B37C914DC783F003E732D /* UBTableViewDataSource.m in Sources */,
				B09B37CC14DC7B97003E732D /* UBQuotesDataSource.m in Sources */,
				B09B37CF14DC8410003E732D /* UBPicturesDataSource.m in Sources */,
				2D52D6C614DCADFC00E6A744 /* UBUnpablishedPicturesDataSource.m in Sources */,
				2D52D6C914DCAE1B00E6A744 /* UBBestPicturesDataSource.m in Sources */,
				2D52D6CC14DCAE2A00E6A744 /* UBRandomPicturesDataSource.m in Sources */,
				2D12630214F6E6DA001C9DA0 /* DownloadOperations.m in Sources */,
				2D12630314F6E6DA001C9DA0 /* MediaCenter.m in Sources */,
				2D12630614F6E78A001C9DA0 /* UIKitExtentions.m in Sources */,
			);
			runOnlyForDeploymentPostprocessing = 0;
		};
/* End PBXSourcesBuildPhase section */

/* Begin PBXVariantGroup section */
		2DB0FABC1416C8CF00EFD6BC /* InfoPlist.strings */ = {
			isa = PBXVariantGroup;
			children = (
				2DB0FABD1416C8CF00EFD6BC /* en */,
			);
			name = InfoPlist.strings;
			sourceTree = "<group>";
		};
		2DB0FAC51416C8CF00EFD6BC /* MainWindow.xib */ = {
			isa = PBXVariantGroup;
			children = (
				2DB0FAC61416C8CF00EFD6BC /* en */,
			);
			name = MainWindow.xib;
			sourceTree = "<group>";
		};
/* End PBXVariantGroup section */

/* Begin XCBuildConfiguration section */
		2DB0FACB1416C8CF00EFD6BC /* Debug */ = {
			isa = XCBuildConfiguration;
			buildSettings = {
				ARCHS = "$(ARCHS_STANDARD_32_BIT)";
				"CODE_SIGN_IDENTITY[sdk=iphoneos*]" = "iPhone Developer";
				GCC_C_LANGUAGE_STANDARD = gnu99;
				GCC_OPTIMIZATION_LEVEL = 0;
				GCC_PREPROCESSOR_DEFINITIONS = DEBUG;
				GCC_SYMBOLS_PRIVATE_EXTERN = NO;
				GCC_VERSION = com.apple.compilers.llvmgcc42;
				GCC_WARN_ABOUT_RETURN_TYPE = YES;
				GCC_WARN_UNUSED_VARIABLE = YES;
				HEADER_SEARCH_PATHS = "$(SDKROOT)/usr/include/libxml2";
				IPHONEOS_DEPLOYMENT_TARGET = 4.3;
				SDKROOT = iphoneos;
			};
			name = Debug;
		};
		2DB0FACC1416C8CF00EFD6BC /* Release */ = {
			isa = XCBuildConfiguration;
			buildSettings = {
				ARCHS = "$(ARCHS_STANDARD_32_BIT)";
				"CODE_SIGN_IDENTITY[sdk=iphoneos*]" = "iPhone Developer";
				GCC_C_LANGUAGE_STANDARD = gnu99;
				GCC_VERSION = com.apple.compilers.llvmgcc42;
				GCC_WARN_ABOUT_RETURN_TYPE = YES;
				GCC_WARN_UNUSED_VARIABLE = YES;
				HEADER_SEARCH_PATHS = "$(SDKROOT)/usr/include/libxml2";
				IPHONEOS_DEPLOYMENT_TARGET = 4.3;
				OTHER_CFLAGS = "-DNS_BLOCK_ASSERTIONS=1";
				SDKROOT = iphoneos;
			};
			name = Release;
		};
		2DB0FACE1416C8CF00EFD6BC /* Debug */ = {
			isa = XCBuildConfiguration;
			buildSettings = {
				ALWAYS_SEARCH_USER_PATHS = NO;
				COPY_PHASE_STRIP = NO;
				GCC_DYNAMIC_NO_PIC = NO;
				GCC_PRECOMPILE_PREFIX_HEADER = YES;
				GCC_PREFIX_HEADER = "UkrBash/UkrBash-Prefix.pch";
				GCC_VERSION = com.apple.compilers.llvm.clang.1_0;
				INFOPLIST_FILE = "UkrBash/UkrBash-Info.plist";
				PRODUCT_NAME = "$(TARGET_NAME)";
				WRAPPER_EXTENSION = app;
			};
			name = Debug;
		};
		2DB0FACF1416C8CF00EFD6BC /* Release */ = {
			isa = XCBuildConfiguration;
			buildSettings = {
				ALWAYS_SEARCH_USER_PATHS = NO;
				COPY_PHASE_STRIP = YES;
				GCC_PRECOMPILE_PREFIX_HEADER = YES;
				GCC_PREFIX_HEADER = "UkrBash/UkrBash-Prefix.pch";
				GCC_VERSION = com.apple.compilers.llvm.clang.1_0;
				INFOPLIST_FILE = "UkrBash/UkrBash-Info.plist";
				PRODUCT_NAME = "$(TARGET_NAME)";
				VALIDATE_PRODUCT = YES;
				WRAPPER_EXTENSION = app;
			};
			name = Release;
		};
/* End XCBuildConfiguration section */

/* Begin XCConfigurationList section */
		2DB0FAA71416C8CF00EFD6BC /* Build configuration list for PBXProject "UkrBash" */ = {
			isa = XCConfigurationList;
			buildConfigurations = (
				2DB0FACB1416C8CF00EFD6BC /* Debug */,
				2DB0FACC1416C8CF00EFD6BC /* Release */,
			);
			defaultConfigurationIsVisible = 0;
			defaultConfigurationName = Release;
		};
		2DB0FACD1416C8CF00EFD6BC /* Build configuration list for PBXNativeTarget "UkrBash" */ = {
			isa = XCConfigurationList;
			buildConfigurations = (
				2DB0FACE1416C8CF00EFD6BC /* Debug */,
				2DB0FACF1416C8CF00EFD6BC /* Release */,
			);
			defaultConfigurationIsVisible = 0;
			defaultConfigurationName = Release;
		};
/* End XCConfigurationList section */

/* Begin XCVersionGroup section */
		2DB0FAC81416C8CF00EFD6BC /* UkrBash.xcdatamodeld */ = {
			isa = XCVersionGroup;
			children = (
				2DB0FAC91416C8CF00EFD6BC /* UkrBash.xcdatamodel */,
			);
			currentVersion = 2DB0FAC91416C8CF00EFD6BC /* UkrBash.xcdatamodel */;
			path = UkrBash.xcdatamodeld;
			sourceTree = "<group>";
			versionGroupType = wrapper.xcdatamodel;
		};
/* End XCVersionGroup section */
	};
	rootObject = 2DB0FAA41416C8CF00EFD6BC /* Project object */;
}
